{
  "version": 4,
  "terraform_version": "0.14.4",
  "serial": 102,
  "lineage": "c41ac791-33ba-4767-5033-b4ec0aba1b99",
  "outputs": {},
  "resources": [
    {
      "mode": "data",
      "type": "template_file",
      "name": "meta_data",
      "provider": "provider[\"registry.terraform.io/hashicorp/template\"]",
      "instances": [
        {
          "schema_version": 0,
          "attributes": {
            "filename": null,
            "id": "3db5aa2660ed7f79ad306271959a3c6291c84d7ab9e3200743e412b26174bcca",
            "rendered": "instance-id: cloud-vm\nlocal-hostname: cloud-vm\nnetwork:\n  version: 2\n  ethernets:\n    nics:\n      match:\n        name: ens*\n      dhcp4: yes\n",
            "template": "instance-id: cloud-vm\nlocal-hostname: cloud-vm\nnetwork:\n  version: 2\n  ethernets:\n    nics:\n      match:\n        name: ens*\n      dhcp4: yes\n",
            "vars": null
          },
          "sensitive_attributes": []
        }
      ]
    },
    {
      "mode": "data",
      "type": "template_file",
      "name": "user_data",
      "provider": "provider[\"registry.terraform.io/hashicorp/template\"]",
      "instances": [
        {
          "schema_version": 0,
          "attributes": {
            "filename": null,
            "id": "b22c220d92532ab00613907c8c7287dd5c0fd0c1868bde23d730829f525e74d8",
            "rendered": "users:\n  - name: lheia\n    primary_group: lheia\n    sudo: ALL=(ALL) NOPASSWD:ALL\n    groups: sudo\n    lock_passwd: false\n    passwd: $6$rounds=4096$eru0iU.ATDV6$HSL6t2lIsoWajPMuMIi8MYJFRVf7TZF073gjapC5vPs2e4DPfOph2HC2F19qCAmwB3aDEhLiqdzTzNfhdcrbw0\n    ssh-authorized-keys:\n      - ssh-rsa AAAAB3NzaC1yc2EAAAADAQABAAABAQDJa28VuIjJF74nsbxy5KsqxulbONGjdi4IwWrW8Rd/+BewVWSg8QD70ChaeS/IoAUzYqQ5GhcjRmiHeXVad2muTJOznQnEkR0qq4PRtSEgLUkwH1OAQWJ8CKWXVFX1ulnN+DawdLXbd5QMdDhzGAxD9TTNCDcgtZrdbySXRt+OvWijw5GAXR5wktqeopZ2IeOfUKDUlqBMWenNPx1cTQI28cEDGiRMTlHy6w9WAw/5YM0PG0r1xFxjGhye8vTBnnis5ANdtJADBg2ilOJ0miKIPqa8aOICfk6sj62aFUCrqVpZN2GqtB6+o+quEz2WhlFrVgc+fS+g+yqem0a3xDSH lheia@DESKTOP-BEKKPGR\n",
            "template": "users:\n  - name: lheia\n    primary_group: lheia\n    sudo: ALL=(ALL) NOPASSWD:ALL\n    groups: sudo\n    lock_passwd: false\n    passwd: $6$rounds=4096$eru0iU.ATDV6$HSL6t2lIsoWajPMuMIi8MYJFRVf7TZF073gjapC5vPs2e4DPfOph2HC2F19qCAmwB3aDEhLiqdzTzNfhdcrbw0\n    ssh-authorized-keys:\n      - ssh-rsa AAAAB3NzaC1yc2EAAAADAQABAAABAQDJa28VuIjJF74nsbxy5KsqxulbONGjdi4IwWrW8Rd/+BewVWSg8QD70ChaeS/IoAUzYqQ5GhcjRmiHeXVad2muTJOznQnEkR0qq4PRtSEgLUkwH1OAQWJ8CKWXVFX1ulnN+DawdLXbd5QMdDhzGAxD9TTNCDcgtZrdbySXRt+OvWijw5GAXR5wktqeopZ2IeOfUKDUlqBMWenNPx1cTQI28cEDGiRMTlHy6w9WAw/5YM0PG0r1xFxjGhye8vTBnnis5ANdtJADBg2ilOJ0miKIPqa8aOICfk6sj62aFUCrqVpZN2GqtB6+o+quEz2WhlFrVgc+fS+g+yqem0a3xDSH lheia@DESKTOP-BEKKPGR\n",
            "vars": null
          },
          "sensitive_attributes": []
        }
      ]
    },
    {
      "mode": "managed",
      "type": "esxi_guest",
      "name": "lab_fedora01",
      "provider": "provider[\"registry.terraform.io/josenk/esxi\"]",
      "instances": [
        {
          "schema_version": 0,
          "attributes": {
            "boot_disk_size": null,
            "boot_disk_type": "thin",
            "clone_from_vm": null,
            "disk_store": "datastore1",
            "guest_name": "lab-fedora01",
            "guest_shutdown_timeout": 20,
            "guest_startup_timeout": 120,
            "guestinfo": {
              "metadata": "aW5zdGFuY2UtaWQ6IGNsb3VkLXZtCmxvY2FsLWhvc3RuYW1lOiBjbG91ZC12bQpuZXR3b3JrOgogIHZlcnNpb246IDIKICBldGhlcm5ldHM6CiAgICBuaWNzOgogICAgICBtYXRjaDoKICAgICAgICBuYW1lOiBlbnMqCiAgICAgIGRoY3A0OiB5ZXMK",
              "metadata.encoding": "base64",
              "userdata": "dXNlcnM6CiAgLSBuYW1lOiBsaGVpYQogICAgcHJpbWFyeV9ncm91cDogbGhlaWEKICAgIHN1ZG86IEFMTD0oQUxMKSBOT1BBU1NXRDpBTEwKICAgIGdyb3Vwczogc3VkbwogICAgbG9ja19wYXNzd2Q6IGZhbHNlCiAgICBwYXNzd2Q6ICQ2JHJvdW5kcz00MDk2JGVydTBpVS5BVERWNiRIU0w2dDJsSXNvV2FqUE11TUlpOE1ZSkZSVmY3VFpGMDczZ2phcEM1dlBzMmU0RFBmT3BoMkhDMkYxOXFDQW13QjNhREVoTGlxZHpUek5maGRjcmJ3MAogICAgc3NoLWF1dGhvcml6ZWQta2V5czoKICAgICAgLSBzc2gtcnNhIEFBQUFCM056YUMxeWMyRUFBQUFEQVFBQkFBQUJBUURKYTI4VnVJakpGNzRuc2J4eTVLc3F4dWxiT05HamRpNEl3V3JXOFJkLytCZXdWV1NnOFFENzBDaGFlUy9Jb0FVellxUTVHaGNqUm1pSGVYVmFkMm11VEpPem5RbkVrUjBxcTRQUnRTRWdMVWt3SDFPQVFXSjhDS1dYVkZYMXVsbk4rRGF3ZExYYmQ1UU1kRGh6R0F4RDlUVE5DRGNndFpyZGJ5U1hSdCtPdldpanc1R0FYUjV3a3RxZW9wWjJJZU9mVUtEVWxxQk1XZW5OUHgxY1RRSTI4Y0VER2lSTVRsSHk2dzlXQXcvNVlNMFBHMHIxeEZ4akdoeWU4dlRCbm5pczVBTmR0SkFEQmcyaWxPSjBtaUtJUHFhOGFPSUNmazZzajYyYUZVQ3JxVnBaTjJHcXRCNitvK3F1RXoyV2hsRnJWZ2MrZlMrZyt5cWVtMGEzeERTSCBsaGVpYUBERVNLVE9QLUJFS0tQR1IK",
              "userdata.encoding": "base64"
            },
            "guestos": "rhel7-64",
            "host_ovf": null,
            "id": "57",
            "ip_address": "",
            "memsize": "2048",
            "network_interfaces": [
              {
                "mac_address": "",
                "nic_type": "vmxnet3",
                "virtual_network": "VM-Lab"
              }
            ],
            "notes": "",
            "numvcpus": "2",
            "ovf_properties": [],
            "ovf_properties_timer": 0,
            "ovf_source": "https://builds.coreos.fedoraproject.org/prod/streams/stable/builds/33.20201214.3.1/x86_64/fedora-coreos-33.20201214.3.1-vmware.x86_64.ova",
            "power": "on",
            "resource_pool_name": "/",
            "virthwver": "13",
            "virtual_disks": []
          },
          "sensitive_attributes": [],
          "private": "bnVsbA==",
          "dependencies": [
            "data.template_file.meta_data",
            "data.template_file.user_data",
            "esxi_portgroup.vm_lab"
          ]
        }
      ]
    },
    {
      "mode": "managed",
      "type": "esxi_guest",
      "name": "lab_lindev01",
      "provider": "provider[\"registry.terraform.io/josenk/esxi\"]",
      "instances": [
        {
          "schema_version": 0,
          "attributes": {
            "boot_disk_size": null,
            "boot_disk_type": "zeroedthick",
            "clone_from_vm": null,
            "disk_store": "datastore1",
            "guest_name": "lab-lindev01",
            "guest_shutdown_timeout": 20,
            "guest_startup_timeout": 120,
            "guestinfo": {
              "metadata": "H4sIAAAAAAAA/0zMQaqCMRAD4H1PkfWDbh6uepsyDbTYzkhn/MXbi/gL7pJ8kKEeVYV5tAKZdm/5WGma1Jm7eWhd/AFlPGxfSwIObh+mBf8JYHRuZfhbAB1yJmDVkP4twOeQ6n/n1LrcLgVPenoBAAD//wEAAP//xVBBr40AAAA=",
              "metadata.encoding": "gzip+base64",
              "userdata": "H4sIAAAAAAAA/0ySTY+6SBDG7/MpOHjYDXEHURBNJtmGBkSRd8HxMmmh5UUE6Ybh5dNvxtnDv271e55KpSpPRzGh2zeGmTMVeuAtU2Y4R28MwzBPkj8QGb9SUnfPPwXaJfWWAab58Rcwzb8Zy3aA70dwC0zzZXhN0O3L+AJlHd+/nojSPtkyN1RS/LvhfzITZ6TuqoR+rLiNOMOk4/LTPyCAoTjb+abY8qVB6wgVzrE7Grl0/NxrXnhbBxeNWy/TAj0V4duhPF5B52Y/M36n8Npi0yjg0ctLBNXMzJtkCibrliUxufbc7x00m6OuzWqSTziZ3/H4+sRPzV8ioYgBAAB5aU1IWYwxr/60ELhA/sHAhXvES2FnFHttvarodRiFA22Grrzall4k+croIxJJXvLOyrgPIz+VXLjmlAxh/92owWn6bFxBz+LCe+Q7fA5Rwj+6YG9PlVupd49rmpXjtb6amqd7v1vYwI32knKIzqF2XnRlZbEQ9Yl5viaCe0xgNulggJsgsBQYp+2FJNfRP3sta39HedELOjh7Qn9vG1w/L7yB7dvpAE9lIx8jXFnOsIgD1+ClWIV67h2DcjeK/SYC/bvweeQcnSOLQRsKPRux9B3IVZVTAVhJuwdQTvm8tPfcIz8YToMkZBvK7S7SQuSRdlJIEz4vFq83rSyyNdt06sRHWamRMI3Zm8+m7NjgB4eWA/R3v1n7F6r+IbCduaweDo7uvf0HAAD//wEAAP//igsEiqwCAAA=",
              "userdata.encoding": "gzip+base64"
            },
            "guestos": "ubuntu-64",
            "host_ovf": null,
            "id": "58",
            "ip_address": "",
            "memsize": "2048",
            "network_interfaces": [
              {
                "mac_address": "",
                "nic_type": "vmxnet3",
                "virtual_network": "VM-Lab"
              }
            ],
            "notes": "",
            "numvcpus": "2",
            "ovf_properties": [],
            "ovf_properties_timer": 0,
            "ovf_source": "https://cloud-images.ubuntu.com/releases/groovy/release/ubuntu-20.10-server-cloudimg-amd64.ova",
            "power": "on",
            "resource_pool_name": "/",
            "virthwver": "10",
            "virtual_disks": []
          },
          "sensitive_attributes": [],
          "private": "bnVsbA==",
          "dependencies": [
            "data.template_file.meta_data",
            "data.template_file.user_data",
            "esxi_portgroup.vm_lab"
          ]
        }
      ]
    },
    {
      "mode": "managed",
      "type": "esxi_portgroup",
      "name": "vm_lab",
      "provider": "provider[\"registry.terraform.io/josenk/esxi\"]",
      "instances": [
        {
          "schema_version": 0,
          "attributes": {
            "id": "VM-Lab",
            "name": "VM-Lab",
            "vlan": 50,
            "vswitch": "VM"
          },
          "sensitive_attributes": [],
          "private": "bnVsbA=="
        }
      ]
    }
  ]
}
