{
  "version": 4,
  "terraform_version": "0.14.4",
  "serial": 57,
  "lineage": "c41ac791-33ba-4767-5033-b4ec0aba1b99",
  "outputs": {},
  "resources": [
    {
      "mode": "data",
      "type": "template_file",
      "name": "default",
      "provider": "provider[\"registry.terraform.io/hashicorp/template\"]",
      "instances": [
        {
          "schema_version": 0,
          "attributes": {
            "filename": null,
            "id": "24f784ac0c2be471bd374524bfeb8360bab28765cb0cb4659ab70b7b3e647279",
            "rendered": "users:\n  - name: lheia\n    gecos: lheia\n    sudo: ALL=(ALL) NOPASSWD:ALL\n    groups: sudo\n    ssh-authorized-keys:\n      - ssh-rsa AAAAB3NzaC1yc2EAAAADAQABAAABAQDJa28VuIjJF74nsbxy5KsqxulbONGjdi4IwWrW8Rd/+BewVWSg8QD70ChaeS/IoAUzYqQ5GhcjRmiHeXVad2muTJOznQnEkR0qq4PRtSEgLUkwH1OAQWJ8CKWXVFX1ulnN+DawdLXbd5QMdDhzGAxD9TTNCDcgtZrdbySXRt+OvWijw5GAXR5wktqeopZ2IeOfUKDUlqBMWenNPx1cTQI28cEDGiRMTlHy6w9WAw/5YM0PG0r1xFxjGhye8vTBnnis5ANdtJADBg2ilOJ0miKIPqa8aOICfk6sj62aFUCrqVpZN2GqtB6+o+quEz2WhlFrVgc+fS+g+yqem0a3xDSH lheia@DESKTOP-BEKKPGR\n\nruncmd:\n  - hostnamectl set-hostname lab-lindev01.lheia.no\n",
            "template": "users:\n  - name: lheia\n    gecos: lheia\n    sudo: ALL=(ALL) NOPASSWD:ALL\n    groups: sudo\n    ssh-authorized-keys:\n      - ssh-rsa AAAAB3NzaC1yc2EAAAADAQABAAABAQDJa28VuIjJF74nsbxy5KsqxulbONGjdi4IwWrW8Rd/+BewVWSg8QD70ChaeS/IoAUzYqQ5GhcjRmiHeXVad2muTJOznQnEkR0qq4PRtSEgLUkwH1OAQWJ8CKWXVFX1ulnN+DawdLXbd5QMdDhzGAxD9TTNCDcgtZrdbySXRt+OvWijw5GAXR5wktqeopZ2IeOfUKDUlqBMWenNPx1cTQI28cEDGiRMTlHy6w9WAw/5YM0PG0r1xFxjGhye8vTBnnis5ANdtJADBg2ilOJ0miKIPqa8aOICfk6sj62aFUCrqVpZN2GqtB6+o+quEz2WhlFrVgc+fS+g+yqem0a3xDSH lheia@DESKTOP-BEKKPGR\n\nruncmd:\n  - hostnamectl set-hostname ${HOSTNAME}\n",
            "vars": {
              "HOSTNAME": "lab-lindev01.lheia.no"
            }
          },
          "sensitive_attributes": []
        }
      ]
    },
    {
      "mode": "managed",
      "type": "esxi_guest",
      "name": "lab_lindev01",
      "provider": "provider[\"registry.terraform.io/josenk/esxi\"]",
      "instances": [
        {
          "schema_version": 0,
          "attributes": {
            "boot_disk_size": null,
            "boot_disk_type": "zeroedthick",
            "clone_from_vm": null,
            "disk_store": "datastore1",
            "guest_name": "lab-lindev01",
            "guest_shutdown_timeout": 20,
            "guest_startup_timeout": 120,
            "guestinfo": null,
            "guestos": "ubuntu-64",
            "host_ovf": null,
            "id": "40",
            "ip_address": "",
            "memsize": "2048",
            "network_interfaces": [
              {
                "mac_address": "",
                "nic_type": "vmxnet3",
                "virtual_network": "VM-Lab"
              }
            ],
            "notes": "",
            "numvcpus": "2",
            "ovf_properties": [
              {
                "key": "password",
                "value": "Passw0rd1"
              }
            ],
            "ovf_properties_timer": 0,
            "ovf_source": "https://cloud-images.ubuntu.com/releases/groovy/release/ubuntu-20.10-server-cloudimg-amd64.ova",
            "power": "on",
            "resource_pool_name": "/",
            "virthwver": "10",
            "virtual_disks": []
          },
          "sensitive_attributes": [],
          "private": "bnVsbA==",
          "dependencies": [
            "esxi_portgroup.vmlab"
          ]
        }
      ]
    },
    {
      "mode": "managed",
      "type": "esxi_portgroup",
      "name": "vmlab",
      "provider": "provider[\"registry.terraform.io/josenk/esxi\"]",
      "instances": [
        {
          "schema_version": 0,
          "attributes": {
            "id": "VM-Lab",
            "name": "VM-Lab",
            "vlan": 50,
            "vswitch": "VM"
          },
          "sensitive_attributes": [],
          "private": "bnVsbA=="
        }
      ]
    }
  ]
}
